
Microsoft Visual Studio Solution File, Format Version 12.00
# Visual Studio 15
VisualStudioVersion = 15.0.27703.2035
MinimumVisualStudioVersion = 10.0.40219.1
Project("{FAE04EC0-301F-11D3-BF4B-00C04F79EFBC}") = "ConfigFile", "ConfigFile\ConfigFile.csproj", "{D8ECBCCE-4BC2-41F0-B386-C16BC1010334}"
EndProject
Project("{FAE04EC0-301F-11D3-BF4B-00C04F79EFBC}") = "GeneratePicture", "GeneratePicture\GeneratePicture.csproj", "{1F8A23AD-B0EA-43B2-BA07-6F2EC5BDCEAE}"
EndProject
Global
	GlobalSection(SolutionConfigurationPlatforms) = preSolution
		Debug|Any CPU = Debug|Any CPU
		Release|Any CPU = Release|Any CPU
	EndGlobalSection
	GlobalSection(ProjectConfigurationPlatforms) = postSolution
		{D8ECBCCE-4BC2-41F0-B386-C16BC1010334}.Debug|Any CPU.ActiveCfg = Debug|Any CPU
		{D8ECBCCE-4BC2-41F0-B386-C16BC1010334}.Debug|Any CPU.Build.0 = Debug|Any CPU
		{D8ECBCCE-4BC2-41F0-B386-C16BC1010334}.Release|Any CPU.ActiveCfg = Release|Any CPU
		{D8ECBCCE-4BC2-41F0-B386-C16BC1010334}.Release|Any CPU.Build.0 = Release|Any CPU
		{1F8A23AD-B0EA-43B2-BA07-6F2EC5BDCEAE}.Debug|Any CPU.ActiveCfg = Debug|Any CPU
		{1F8A23AD-B0EA-43B2-BA07-6F2EC5BDCEAE}.Debug|Any CPU.Build.0 = Debug|Any CPU
		{1F8A23AD-B0EA-43B2-BA07-6F2EC5BDCEAE}.Release|Any CPU.ActiveCfg = Release|Any CPU
		{1F8A23AD-B0EA-43B2-BA07-6F2EC5BDCEAE}.Release|Any CPU.Build.0 = Release|Any CPU
	EndGlobalSection
	GlobalSection(SolutionProperties) = preSolution
		HideSolutionNode = FALSE
	EndGlobalSection
	GlobalSection(ExtensibilityGlobals) = postSolution
		SolutionGuid = {6D9032B7-713F-456D-88C7-65FAEEEBC822}
	EndGlobalSection
EndGlobal
